
Microsoft Visual Studio Solution File, Format Version 12.00
# Visual Studio Version 16
VisualStudioVersion = 16.0.33328.57
MinimumVisualStudioVersion = 10.0.40219.1
Project("{FAE04EC0-301F-11D3-BF4B-00C04F79EFBC}") = "Api_Crud", "Api_Crud\Api_Crud.csproj", "{9CD26C70-70FC-466E-BEED-17D93A2F17AF}"
EndProject
Global
	GlobalSection(SolutionConfigurationPlatforms) = preSolution
		Debug|Any CPU = Debug|Any CPU
		Release|Any CPU = Release|Any CPU
	EndGlobalSection
	GlobalSection(ProjectConfigurationPlatforms) = postSolution
		{9CD26C70-70FC-466E-BEED-17D93A2F17AF}.Debug|Any CPU.ActiveCfg = Debug|Any CPU
		{9CD26C70-70FC-466E-BEED-17D93A2F17AF}.Debug|Any CPU.Build.0 = Debug|Any CPU
		{9CD26C70-70FC-466E-BEED-17D93A2F17AF}.Release|Any CPU.ActiveCfg = Release|Any CPU
		{9CD26C70-70FC-466E-BEED-17D93A2F17AF}.Release|Any CPU.Build.0 = Release|Any CPU
	EndGlobalSection
	GlobalSection(SolutionProperties) = preSolution
		HideSolutionNode = FALSE
	EndGlobalSection
	GlobalSection(ExtensibilityGlobals) = postSolution
		SolutionGuid = {59D20C8D-1AC9-4B9F-A9AF-B3FC06ED1596}
	EndGlobalSection
EndGlobal
