
Microsoft Visual Studio Solution File, Format Version 12.00
# Visual Studio Version 16
VisualStudioVersion = 16.0.33328.57
MinimumVisualStudioVersion = 10.0.40219.1
Project("{FAE04EC0-301F-11D3-BF4B-00C04F79EFBC}") = "basicDesignForm", "basicDesignForm\basicDesignForm.csproj", "{55B82624-7F9D-4A43-83C6-CDE0094CF4CC}"
EndProject
Global
	GlobalSection(SolutionConfigurationPlatforms) = preSolution
		Debug|Any CPU = Debug|Any CPU
		Release|Any CPU = Release|Any CPU
	EndGlobalSection
	GlobalSection(ProjectConfigurationPlatforms) = postSolution
		{55B82624-7F9D-4A43-83C6-CDE0094CF4CC}.Debug|Any CPU.ActiveCfg = Debug|Any CPU
		{55B82624-7F9D-4A43-83C6-CDE0094CF4CC}.Debug|Any CPU.Build.0 = Debug|Any CPU
		{55B82624-7F9D-4A43-83C6-CDE0094CF4CC}.Release|Any CPU.ActiveCfg = Release|Any CPU
		{55B82624-7F9D-4A43-83C6-CDE0094CF4CC}.Release|Any CPU.Build.0 = Release|Any CPU
	EndGlobalSection
	GlobalSection(SolutionProperties) = preSolution
		HideSolutionNode = FALSE
	EndGlobalSection
	GlobalSection(ExtensibilityGlobals) = postSolution
		SolutionGuid = {12527339-A76A-464D-B6B5-0B3FC1D61B9A}
	EndGlobalSection
EndGlobal
